
Microsoft Visual Studio Solution File, Format Version 12.00
# Visual Studio Version 16
VisualStudioVersion = 16.0.29020.237
MinimumVisualStudioVersion = 10.0.40219.1
Project("{FAE04EC0-301F-11D3-BF4B-00C04F79EFBC}") = "DisableCommandMenu", "DisableCommandMenu\DisableCommandMenu.csproj", "{FC868829-F032-4E6A-80AA-C555AB282CB2}"
EndProject
Global
	GlobalSection(SolutionConfigurationPlatforms) = preSolution
		Debug|Any CPU = Debug|Any CPU
		Release|Any CPU = Release|Any CPU
	EndGlobalSection
	GlobalSection(ProjectConfigurationPlatforms) = postSolution
		{FC868829-F032-4E6A-80AA-C555AB282CB2}.Debug|Any CPU.ActiveCfg = Debug|Any CPU
		{FC868829-F032-4E6A-80AA-C555AB282CB2}.Debug|Any CPU.Build.0 = Debug|Any CPU
		{FC868829-F032-4E6A-80AA-C555AB282CB2}.Release|Any CPU.ActiveCfg = Release|Any CPU
		{FC868829-F032-4E6A-80AA-C555AB282CB2}.Release|Any CPU.Build.0 = Release|Any CPU
	EndGlobalSection
	GlobalSection(SolutionProperties) = preSolution
		HideSolutionNode = FALSE
	EndGlobalSection
	GlobalSection(ExtensibilityGlobals) = postSolution
		SolutionGuid = {1CEB17F3-1FAE-47EA-8AA6-1A6D664936A3}
	EndGlobalSection
EndGlobal
